
Microsoft Visual Studio Solution File, Format Version 12.00
# Visual Studio Version 17
VisualStudioVersion = 17.13.35825.156 d17.13
MinimumVisualStudioVersion = 10.0.40219.1
Project("{FAE04EC0-301F-11D3-BF4B-00C04F79EFBC}") = "Mine Bank System Part 2", "Mine Bank System Part 2\Mine Bank System Part 2.csproj", "{12EB7663-0186-4717-8266-4AF45A10EDDF}"
EndProject
Global
	GlobalSection(SolutionConfigurationPlatforms) = preSolution
		Debug|Any CPU = Debug|Any CPU
		Release|Any CPU = Release|Any CPU
	EndGlobalSection
	GlobalSection(ProjectConfigurationPlatforms) = postSolution
		{12EB7663-0186-4717-8266-4AF45A10EDDF}.Debug|Any CPU.ActiveCfg = Debug|Any CPU
		{12EB7663-0186-4717-8266-4AF45A10EDDF}.Debug|Any CPU.Build.0 = Debug|Any CPU
		{12EB7663-0186-4717-8266-4AF45A10EDDF}.Release|Any CPU.ActiveCfg = Release|Any CPU
		{12EB7663-0186-4717-8266-4AF45A10EDDF}.Release|Any CPU.Build.0 = Release|Any CPU
	EndGlobalSection
	GlobalSection(SolutionProperties) = preSolution
		HideSolutionNode = FALSE
	EndGlobalSection
	GlobalSection(ExtensibilityGlobals) = postSolution
		SolutionGuid = {4681C0B3-0546-4C1A-A91D-D1546B442192}
	EndGlobalSection
EndGlobal
